// !$*UTF8*$!
{
	archiveVersion = 1;
	classes = {
	};
	objectVersion = 50;
	objects = {

/* Begin PBXBuildFile section */
		314DEDA79D4B458264CA7C0C /* Pods_FormLibrary.framework in Frameworks */ = {isa = PBXBuildFile; fileRef = F5084A4B65EB481FDA5A4261 /* Pods_FormLibrary.framework */; };
		94137BD92289718000113E5A /* String+Extension.swift in Sources */ = {isa = PBXBuildFile; fileRef = 94137BD82289718000113E5A /* String+Extension.swift */; };
		94137BDC228971D200113E5A /* CellStyle.swift in Sources */ = {isa = PBXBuildFile; fileRef = 94137BDB228971D200113E5A /* CellStyle.swift */; };
		94137BDE2289728900113E5A /* CellData.swift in Sources */ = {isa = PBXBuildFile; fileRef = 94137BDD2289728900113E5A /* CellData.swift */; };
		94137BE02289793700113E5A /* CustomCollectionViewFlowLayouts.swift in Sources */ = {isa = PBXBuildFile; fileRef = 94137BDF2289793700113E5A /* CustomCollectionViewFlowLayouts.swift */; };
		94137BE422897CF700113E5A /* UIView+Constraints.swift in Sources */ = {isa = PBXBuildFile; fileRef = 94137BE322897CF700113E5A /* UIView+Constraints.swift */; };
		94137C012289BA1800113E5A /* FormViewController.swift in Sources */ = {isa = PBXBuildFile; fileRef = 94137BFE2289BA1800113E5A /* FormViewController.swift */; };
		94137C192289BA3800113E5A /* FormButtonOptionsCell.swift in Sources */ = {isa = PBXBuildFile; fileRef = 94137C042289BA3700113E5A /* FormButtonOptionsCell.swift */; };
		94137C1A2289BA3800113E5A /* FormLabelCell.swift in Sources */ = {isa = PBXBuildFile; fileRef = 94137C052289BA3700113E5A /* FormLabelCell.swift */; };
		94137C1B2289BA3800113E5A /* FormLabelCell.xib in Resources */ = {isa = PBXBuildFile; fileRef = 94137C062289BA3700113E5A /* FormLabelCell.xib */; };
		94137C1C2289BA3800113E5A /* FormTextFieldCell.xib in Resources */ = {isa = PBXBuildFile; fileRef = 94137C072289BA3700113E5A /* FormTextFieldCell.xib */; };
		94137C1D2289BA3800113E5A /* FormTitleSubtitleCell.xib in Resources */ = {isa = PBXBuildFile; fileRef = 94137C082289BA3700113E5A /* FormTitleSubtitleCell.xib */; };
		94137C1E2289BA3800113E5A /* FormPasswordCell.swift in Sources */ = {isa = PBXBuildFile; fileRef = 94137C092289BA3700113E5A /* FormPasswordCell.swift */; };
		94137C1F2289BA3800113E5A /* FormButton.swift in Sources */ = {isa = PBXBuildFile; fileRef = 94137C0A2289BA3700113E5A /* FormButton.swift */; };
		94137C202289BA3800113E5A /* FormCheckboxOptionsCell.xib in Resources */ = {isa = PBXBuildFile; fileRef = 94137C0B2289BA3800113E5A /* FormCheckboxOptionsCell.xib */; };
		94137C212289BA3800113E5A /* FormTextFieldCell.swift in Sources */ = {isa = PBXBuildFile; fileRef = 94137C0C2289BA3800113E5A /* FormTextFieldCell.swift */; };
		94137C222289BA3800113E5A /* FormPasswordCell.xib in Resources */ = {isa = PBXBuildFile; fileRef = 94137C0D2289BA3800113E5A /* FormPasswordCell.xib */; };
		94137C232289BA3800113E5A /* FormSectionTitleCell.xib in Resources */ = {isa = PBXBuildFile; fileRef = 94137C0E2289BA3800113E5A /* FormSectionTitleCell.xib */; };
		94137C242289BA3800113E5A /* FormSectionTitleCell.swift in Sources */ = {isa = PBXBuildFile; fileRef = 94137C0F2289BA3800113E5A /* FormSectionTitleCell.swift */; };
		94137C252289BA3800113E5A /* FormButtonCell.swift in Sources */ = {isa = PBXBuildFile; fileRef = 94137C102289BA3800113E5A /* FormButtonCell.swift */; };
		94137C262289BA3800113E5A /* FormDropdownCell.swift in Sources */ = {isa = PBXBuildFile; fileRef = 94137C112289BA3800113E5A /* FormDropdownCell.swift */; };
		94137C272289BA3800113E5A /* FormDropdownCell.xib in Resources */ = {isa = PBXBuildFile; fileRef = 94137C122289BA3800113E5A /* FormDropdownCell.xib */; };
		94137C282289BA3800113E5A /* CheckboxView.swift in Sources */ = {isa = PBXBuildFile; fileRef = 94137C132289BA3800113E5A /* CheckboxView.swift */; };
		94137C292289BA3800113E5A /* CheckboxView.xib in Resources */ = {isa = PBXBuildFile; fileRef = 94137C142289BA3800113E5A /* CheckboxView.xib */; };
		94137C2A2289BA3800113E5A /* FormTitleSubtitleCell.swift in Sources */ = {isa = PBXBuildFile; fileRef = 94137C152289BA3800113E5A /* FormTitleSubtitleCell.swift */; };
		94137C2B2289BA3800113E5A /* FormCheckboxOptionsCell.swift in Sources */ = {isa = PBXBuildFile; fileRef = 94137C162289BA3800113E5A /* FormCheckboxOptionsCell.swift */; };
		94137C2C2289BA3800113E5A /* FormButtonCell.xib in Resources */ = {isa = PBXBuildFile; fileRef = 94137C172289BA3800113E5A /* FormButtonCell.xib */; };
		94137C2D2289BA3800113E5A /* FormButtonOptionsCell.xib in Resources */ = {isa = PBXBuildFile; fileRef = 94137C182289BA3800113E5A /* FormButtonOptionsCell.xib */; };
		94137C3C2289C2B100113E5A /* FormCell.swift in Sources */ = {isa = PBXBuildFile; fileRef = 94137C3B2289C2B100113E5A /* FormCell.swift */; };
		94137C3F228A18DB00113E5A /* Form.swift in Sources */ = {isa = PBXBuildFile; fileRef = 94137C3E228A18DB00113E5A /* Form.swift */; };
		94137C41228A18F800113E5A /* Page.swift in Sources */ = {isa = PBXBuildFile; fileRef = 94137C40228A18F800113E5A /* Page.swift */; };
		94137C43228A190D00113E5A /* FormSection.swift in Sources */ = {isa = PBXBuildFile; fileRef = 94137C42228A190D00113E5A /* FormSection.swift */; };
		94137C45228A192600113E5A /* FormElement.swift in Sources */ = {isa = PBXBuildFile; fileRef = 94137C44228A192600113E5A /* FormElement.swift */; };
		94137C47228A194200113E5A /* FormRule.swift in Sources */ = {isa = PBXBuildFile; fileRef = 94137C46228A194200113E5A /* FormRule.swift */; };
		94137C4A228A214C00113E5A /* FormPhotoCell.swift in Sources */ = {isa = PBXBuildFile; fileRef = 94137C48228A214C00113E5A /* FormPhotoCell.swift */; };
		94137C4B228A214C00113E5A /* FormPhotoCell.xib in Resources */ = {isa = PBXBuildFile; fileRef = 94137C49228A214C00113E5A /* FormPhotoCell.xib */; };
		94137C4E228A32D600113E5A /* pet_adoption.json in Resources */ = {isa = PBXBuildFile; fileRef = 94137C4D228A32D600113E5A /* pet_adoption.json */; };
		94137C50228A32ED00113E5A /* MockData.swift in Sources */ = {isa = PBXBuildFile; fileRef = 94137C4F228A32ED00113E5A /* MockData.swift */; };
		94137C55228AC34400113E5A /* FormDatePickerCell.swift in Sources */ = {isa = PBXBuildFile; fileRef = 94137C53228AC34400113E5A /* FormDatePickerCell.swift */; };
		94137C56228AC34400113E5A /* FormDatePickerCell.xib in Resources */ = {isa = PBXBuildFile; fileRef = 94137C54228AC34400113E5A /* FormDatePickerCell.xib */; };
		94137C58228AE35F00113E5A /* FormCollectionView.swift in Sources */ = {isa = PBXBuildFile; fileRef = 94137C57228AE35F00113E5A /* FormCollectionView.swift */; };
		94137C5B228B7B8F00113E5A /* HomeViewController.swift in Sources */ = {isa = PBXBuildFile; fileRef = 94137C5A228B7B8F00113E5A /* HomeViewController.swift */; };
		94137C5F228B8A8300113E5A /* FormPageController.swift in Sources */ = {isa = PBXBuildFile; fileRef = 94137C5E228B8A8300113E5A /* FormPageController.swift */; };
		94137C61228B9A9B00113E5A /* FormContainer.swift in Sources */ = {isa = PBXBuildFile; fileRef = 94137C60228B9A9B00113E5A /* FormContainer.swift */; };
		94204BA722896C600057D3AA /* AppDelegate.swift in Sources */ = {isa = PBXBuildFile; fileRef = 94204BA622896C600057D3AA /* AppDelegate.swift */; };
		94204BA922896C600057D3AA /* ViewController.swift in Sources */ = {isa = PBXBuildFile; fileRef = 94204BA822896C600057D3AA /* ViewController.swift */; };
		94204BAE22896C610057D3AA /* Assets.xcassets in Resources */ = {isa = PBXBuildFile; fileRef = 94204BAD22896C610057D3AA /* Assets.xcassets */; };
		94204BB122896C610057D3AA /* LaunchScreen.storyboard in Resources */ = {isa = PBXBuildFile; fileRef = 94204BAF22896C610057D3AA /* LaunchScreen.storyboard */; };
/* End PBXBuildFile section */

/* Begin PBXFileReference section */
		1C594925C1D5DD2C89AB06E2 /* Pods-FormLibrary.release.xcconfig */ = {isa = PBXFileReference; includeInIndex = 1; lastKnownFileType = text.xcconfig; name = "Pods-FormLibrary.release.xcconfig"; path = "Target Support Files/Pods-FormLibrary/Pods-FormLibrary.release.xcconfig"; sourceTree = "<group>"; };
		20690DDD1FC5BA3CEBD964B6 /* Pods-FormLibrary.debug.xcconfig */ = {isa = PBXFileReference; includeInIndex = 1; lastKnownFileType = text.xcconfig; name = "Pods-FormLibrary.debug.xcconfig"; path = "Target Support Files/Pods-FormLibrary/Pods-FormLibrary.debug.xcconfig"; sourceTree = "<group>"; };
		94137BD82289718000113E5A /* String+Extension.swift */ = {isa = PBXFileReference; lastKnownFileType = sourcecode.swift; path = "String+Extension.swift"; sourceTree = "<group>"; };
		94137BDB228971D200113E5A /* CellStyle.swift */ = {isa = PBXFileReference; lastKnownFileType = sourcecode.swift; path = CellStyle.swift; sourceTree = "<group>"; };
		94137BDD2289728900113E5A /* CellData.swift */ = {isa = PBXFileReference; lastKnownFileType = sourcecode.swift; path = CellData.swift; sourceTree = "<group>"; };
		94137BDF2289793700113E5A /* CustomCollectionViewFlowLayouts.swift */ = {isa = PBXFileReference; lastKnownFileType = sourcecode.swift; path = CustomCollectionViewFlowLayouts.swift; sourceTree = "<group>"; };
		94137BE322897CF700113E5A /* UIView+Constraints.swift */ = {isa = PBXFileReference; lastKnownFileType = sourcecode.swift; path = "UIView+Constraints.swift"; sourceTree = "<group>"; };
		94137BFE2289BA1800113E5A /* FormViewController.swift */ = {isa = PBXFileReference; fileEncoding = 4; lastKnownFileType = sourcecode.swift; path = FormViewController.swift; sourceTree = "<group>"; };
		94137C042289BA3700113E5A /* FormButtonOptionsCell.swift */ = {isa = PBXFileReference; fileEncoding = 4; lastKnownFileType = sourcecode.swift; path = FormButtonOptionsCell.swift; sourceTree = "<group>"; };
		94137C052289BA3700113E5A /* FormLabelCell.swift */ = {isa = PBXFileReference; fileEncoding = 4; lastKnownFileType = sourcecode.swift; path = FormLabelCell.swift; sourceTree = "<group>"; };
		94137C062289BA3700113E5A /* FormLabelCell.xib */ = {isa = PBXFileReference; fileEncoding = 4; lastKnownFileType = file.xib; path = FormLabelCell.xib; sourceTree = "<group>"; };
		94137C072289BA3700113E5A /* FormTextFieldCell.xib */ = {isa = PBXFileReference; fileEncoding = 4; lastKnownFileType = file.xib; path = FormTextFieldCell.xib; sourceTree = "<group>"; };
		94137C082289BA3700113E5A /* FormTitleSubtitleCell.xib */ = {isa = PBXFileReference; fileEncoding = 4; lastKnownFileType = file.xib; path = FormTitleSubtitleCell.xib; sourceTree = "<group>"; };
		94137C092289BA3700113E5A /* FormPasswordCell.swift */ = {isa = PBXFileReference; fileEncoding = 4; lastKnownFileType = sourcecode.swift; path = FormPasswordCell.swift; sourceTree = "<group>"; };
		94137C0A2289BA3700113E5A /* FormButton.swift */ = {isa = PBXFileReference; fileEncoding = 4; lastKnownFileType = sourcecode.swift; path = FormButton.swift; sourceTree = "<group>"; };
		94137C0B2289BA3800113E5A /* FormCheckboxOptionsCell.xib */ = {isa = PBXFileReference; fileEncoding = 4; lastKnownFileType = file.xib; path = FormCheckboxOptionsCell.xib; sourceTree = "<group>"; };
		94137C0C2289BA3800113E5A /* FormTextFieldCell.swift */ = {isa = PBXFileReference; fileEncoding = 4; lastKnownFileType = sourcecode.swift; path = FormTextFieldCell.swift; sourceTree = "<group>"; };
		94137C0D2289BA3800113E5A /* FormPasswordCell.xib */ = {isa = PBXFileReference; fileEncoding = 4; lastKnownFileType = file.xib; path = FormPasswordCell.xib; sourceTree = "<group>"; };
		94137C0E2289BA3800113E5A /* FormSectionTitleCell.xib */ = {isa = PBXFileReference; fileEncoding = 4; lastKnownFileType = file.xib; path = FormSectionTitleCell.xib; sourceTree = "<group>"; };
		94137C0F2289BA3800113E5A /* FormSectionTitleCell.swift */ = {isa = PBXFileReference; fileEncoding = 4; lastKnownFileType = sourcecode.swift; path = FormSectionTitleCell.swift; sourceTree = "<group>"; };
		94137C102289BA3800113E5A /* FormButtonCell.swift */ = {isa = PBXFileReference; fileEncoding = 4; lastKnownFileType = sourcecode.swift; path = FormButtonCell.swift; sourceTree = "<group>"; };
		94137C112289BA3800113E5A /* FormDropdownCell.swift */ = {isa = PBXFileReference; fileEncoding = 4; lastKnownFileType = sourcecode.swift; path = FormDropdownCell.swift; sourceTree = "<group>"; };
		94137C122289BA3800113E5A /* FormDropdownCell.xib */ = {isa = PBXFileReference; fileEncoding = 4; lastKnownFileType = file.xib; path = FormDropdownCell.xib; sourceTree = "<group>"; };
		94137C132289BA3800113E5A /* CheckboxView.swift */ = {isa = PBXFileReference; fileEncoding = 4; lastKnownFileType = sourcecode.swift; path = CheckboxView.swift; sourceTree = "<group>"; };
		94137C142289BA3800113E5A /* CheckboxView.xib */ = {isa = PBXFileReference; fileEncoding = 4; lastKnownFileType = file.xib; path = CheckboxView.xib; sourceTree = "<group>"; };
		94137C152289BA3800113E5A /* FormTitleSubtitleCell.swift */ = {isa = PBXFileReference; fileEncoding = 4; lastKnownFileType = sourcecode.swift; path = FormTitleSubtitleCell.swift; sourceTree = "<group>"; };
		94137C162289BA3800113E5A /* FormCheckboxOptionsCell.swift */ = {isa = PBXFileReference; fileEncoding = 4; lastKnownFileType = sourcecode.swift; path = FormCheckboxOptionsCell.swift; sourceTree = "<group>"; };
		94137C172289BA3800113E5A /* FormButtonCell.xib */ = {isa = PBXFileReference; fileEncoding = 4; lastKnownFileType = file.xib; path = FormButtonCell.xib; sourceTree = "<group>"; };
		94137C182289BA3800113E5A /* FormButtonOptionsCell.xib */ = {isa = PBXFileReference; fileEncoding = 4; lastKnownFileType = file.xib; path = FormButtonOptionsCell.xib; sourceTree = "<group>"; };
		94137C3B2289C2B100113E5A /* FormCell.swift */ = {isa = PBXFileReference; lastKnownFileType = sourcecode.swift; path = FormCell.swift; sourceTree = "<group>"; };
		94137C3E228A18DB00113E5A /* Form.swift */ = {isa = PBXFileReference; lastKnownFileType = sourcecode.swift; path = Form.swift; sourceTree = "<group>"; };
		94137C40228A18F800113E5A /* Page.swift */ = {isa = PBXFileReference; lastKnownFileType = sourcecode.swift; path = Page.swift; sourceTree = "<group>"; };
		94137C42228A190D00113E5A /* FormSection.swift */ = {isa = PBXFileReference; lastKnownFileType = sourcecode.swift; path = FormSection.swift; sourceTree = "<group>"; };
		94137C44228A192600113E5A /* FormElement.swift */ = {isa = PBXFileReference; lastKnownFileType = sourcecode.swift; path = FormElement.swift; sourceTree = "<group>"; };
		94137C46228A194200113E5A /* FormRule.swift */ = {isa = PBXFileReference; lastKnownFileType = sourcecode.swift; path = FormRule.swift; sourceTree = "<group>"; };
		94137C48228A214C00113E5A /* FormPhotoCell.swift */ = {isa = PBXFileReference; lastKnownFileType = sourcecode.swift; path = FormPhotoCell.swift; sourceTree = "<group>"; };
		94137C49228A214C00113E5A /* FormPhotoCell.xib */ = {isa = PBXFileReference; lastKnownFileType = file.xib; path = FormPhotoCell.xib; sourceTree = "<group>"; };
		94137C4D228A32D600113E5A /* pet_adoption.json */ = {isa = PBXFileReference; lastKnownFileType = text.json; path = pet_adoption.json; sourceTree = "<group>"; };
		94137C4F228A32ED00113E5A /* MockData.swift */ = {isa = PBXFileReference; lastKnownFileType = sourcecode.swift; path = MockData.swift; sourceTree = "<group>"; };
		94137C53228AC34400113E5A /* FormDatePickerCell.swift */ = {isa = PBXFileReference; lastKnownFileType = sourcecode.swift; path = FormDatePickerCell.swift; sourceTree = "<group>"; };
		94137C54228AC34400113E5A /* FormDatePickerCell.xib */ = {isa = PBXFileReference; lastKnownFileType = file.xib; path = FormDatePickerCell.xib; sourceTree = "<group>"; };
		94137C57228AE35F00113E5A /* FormCollectionView.swift */ = {isa = PBXFileReference; lastKnownFileType = sourcecode.swift; path = FormCollectionView.swift; sourceTree = "<group>"; };
		94137C5A228B7B8F00113E5A /* HomeViewController.swift */ = {isa = PBXFileReference; lastKnownFileType = sourcecode.swift; path = HomeViewController.swift; sourceTree = "<group>"; };
		94137C5E228B8A8300113E5A /* FormPageController.swift */ = {isa = PBXFileReference; lastKnownFileType = sourcecode.swift; path = FormPageController.swift; sourceTree = "<group>"; };
		94137C60228B9A9B00113E5A /* FormContainer.swift */ = {isa = PBXFileReference; lastKnownFileType = sourcecode.swift; path = FormContainer.swift; sourceTree = "<group>"; };
		94204BA322896C600057D3AA /* FormLibrary.app */ = {isa = PBXFileReference; explicitFileType = wrapper.application; includeInIndex = 0; path = FormLibrary.app; sourceTree = BUILT_PRODUCTS_DIR; };
		94204BA622896C600057D3AA /* AppDelegate.swift */ = {isa = PBXFileReference; lastKnownFileType = sourcecode.swift; path = AppDelegate.swift; sourceTree = "<group>"; };
		94204BA822896C600057D3AA /* ViewController.swift */ = {isa = PBXFileReference; lastKnownFileType = sourcecode.swift; path = ViewController.swift; sourceTree = "<group>"; };
		94204BAD22896C610057D3AA /* Assets.xcassets */ = {isa = PBXFileReference; lastKnownFileType = folder.assetcatalog; path = Assets.xcassets; sourceTree = "<group>"; };
		94204BB022896C610057D3AA /* Base */ = {isa = PBXFileReference; lastKnownFileType = file.storyboard; name = Base; path = Base.lproj/LaunchScreen.storyboard; sourceTree = "<group>"; };
		94204BB222896C610057D3AA /* Info.plist */ = {isa = PBXFileReference; lastKnownFileType = text.plist.xml; path = Info.plist; sourceTree = "<group>"; };
		F5084A4B65EB481FDA5A4261 /* Pods_FormLibrary.framework */ = {isa = PBXFileReference; explicitFileType = wrapper.framework; includeInIndex = 0; path = Pods_FormLibrary.framework; sourceTree = BUILT_PRODUCTS_DIR; };
/* End PBXFileReference section */

/* Begin PBXFrameworksBuildPhase section */
		94204BA022896C600057D3AA /* Frameworks */ = {
			isa = PBXFrameworksBuildPhase;
			buildActionMask = 2147483647;
			files = (
				314DEDA79D4B458264CA7C0C /* Pods_FormLibrary.framework in Frameworks */,
			);
			runOnlyForDeploymentPostprocessing = 0;
		};
/* End PBXFrameworksBuildPhase section */

/* Begin PBXGroup section */
		03F045B9D241E2586495DD9E /* Frameworks */ = {
			isa = PBXGroup;
			children = (
				F5084A4B65EB481FDA5A4261 /* Pods_FormLibrary.framework */,
			);
			name = Frameworks;
			sourceTree = "<group>";
		};
		5A330F73AF346308B0097BEA /* Pods */ = {
			isa = PBXGroup;
			children = (
				20690DDD1FC5BA3CEBD964B6 /* Pods-FormLibrary.debug.xcconfig */,
				1C594925C1D5DD2C89AB06E2 /* Pods-FormLibrary.release.xcconfig */,
			);
			path = Pods;
			sourceTree = "<group>";
		};
		94137BD4228970FB00113E5A /* Form */ = {
			isa = PBXGroup;
			children = (
				94137BE522897ED100113E5A /* Cells */,
				94137C57228AE35F00113E5A /* FormCollectionView.swift */,
				94137BFE2289BA1800113E5A /* FormViewController.swift */,
			);
			path = Form;
			sourceTree = "<group>";
		};
		94137BD72289714E00113E5A /* Extensions */ = {
			isa = PBXGroup;
			children = (
				94137BD82289718000113E5A /* String+Extension.swift */,
				94137BE322897CF700113E5A /* UIView+Constraints.swift */,
			);
			path = Extensions;
			sourceTree = "<group>";
		};
		94137BDA228971C000113E5A /* Style */ = {
			isa = PBXGroup;
			children = (
				94137BDB228971D200113E5A /* CellStyle.swift */,
				94137BDD2289728900113E5A /* CellData.swift */,
				94137BDF2289793700113E5A /* CustomCollectionViewFlowLayouts.swift */,
			);
			path = Style;
			sourceTree = "<group>";
		};
		94137BE522897ED100113E5A /* Cells */ = {
			isa = PBXGroup;
			children = (
				94137C132289BA3800113E5A /* CheckboxView.swift */,
				94137C142289BA3800113E5A /* CheckboxView.xib */,
				94137C0A2289BA3700113E5A /* FormButton.swift */,
				94137C102289BA3800113E5A /* FormButtonCell.swift */,
				94137C172289BA3800113E5A /* FormButtonCell.xib */,
				94137C042289BA3700113E5A /* FormButtonOptionsCell.swift */,
				94137C182289BA3800113E5A /* FormButtonOptionsCell.xib */,
				94137C162289BA3800113E5A /* FormCheckboxOptionsCell.swift */,
				94137C0B2289BA3800113E5A /* FormCheckboxOptionsCell.xib */,
				94137C112289BA3800113E5A /* FormDropdownCell.swift */,
				94137C122289BA3800113E5A /* FormDropdownCell.xib */,
				94137C052289BA3700113E5A /* FormLabelCell.swift */,
				94137C062289BA3700113E5A /* FormLabelCell.xib */,
				94137C092289BA3700113E5A /* FormPasswordCell.swift */,
				94137C0D2289BA3800113E5A /* FormPasswordCell.xib */,
				94137C0F2289BA3800113E5A /* FormSectionTitleCell.swift */,
				94137C0E2289BA3800113E5A /* FormSectionTitleCell.xib */,
				94137C0C2289BA3800113E5A /* FormTextFieldCell.swift */,
				94137C072289BA3700113E5A /* FormTextFieldCell.xib */,
				94137C152289BA3800113E5A /* FormTitleSubtitleCell.swift */,
				94137C082289BA3700113E5A /* FormTitleSubtitleCell.xib */,
				94137C3B2289C2B100113E5A /* FormCell.swift */,
				94137C48228A214C00113E5A /* FormPhotoCell.swift */,
				94137C49228A214C00113E5A /* FormPhotoCell.xib */,
				94137C53228AC34400113E5A /* FormDatePickerCell.swift */,
				94137C54228AC34400113E5A /* FormDatePickerCell.xib */,
			);
			path = Cells;
			sourceTree = "<group>";
		};
		94137C3D228A18CE00113E5A /* Model */ = {
			isa = PBXGroup;
			children = (
				94137C3E228A18DB00113E5A /* Form.swift */,
				94137C40228A18F800113E5A /* Page.swift */,
				94137C42228A190D00113E5A /* FormSection.swift */,
				94137C44228A192600113E5A /* FormElement.swift */,
				94137C46228A194200113E5A /* FormRule.swift */,
			);
			path = Model;
			sourceTree = "<group>";
		};
		94137C4C228A32A900113E5A /* MockData */ = {
			isa = PBXGroup;
			children = (
				94137C4D228A32D600113E5A /* pet_adoption.json */,
				94137C4F228A32ED00113E5A /* MockData.swift */,
			);
			path = MockData;
			sourceTree = "<group>";
		};
		94137C5C228B7BC900113E5A /* Resources */ = {
			isa = PBXGroup;
			children = (
				94204BAD22896C610057D3AA /* Assets.xcassets */,
				94204BA622896C600057D3AA /* AppDelegate.swift */,
				94204BAF22896C610057D3AA /* LaunchScreen.storyboard */,
			);
			path = Resources;
			sourceTree = "<group>";
		};
		94137C5D228B7D4600113E5A /* ViewControllers */ = {
			isa = PBXGroup;
			children = (
				94137C5A228B7B8F00113E5A /* HomeViewController.swift */,
				94204BA822896C600057D3AA /* ViewController.swift */,
				94137C5E228B8A8300113E5A /* FormPageController.swift */,
				94137C60228B9A9B00113E5A /* FormContainer.swift */,
			);
			path = ViewControllers;
			sourceTree = "<group>";
		};
		94204B9A22896C600057D3AA = {
			isa = PBXGroup;
			children = (
				94204BA522896C600057D3AA /* FormLibrary */,
				94204BA422896C600057D3AA /* Products */,
				5A330F73AF346308B0097BEA /* Pods */,
				03F045B9D241E2586495DD9E /* Frameworks */,
			);
			sourceTree = "<group>";
		};
		94204BA422896C600057D3AA /* Products */ = {
			isa = PBXGroup;
			children = (
				94204BA322896C600057D3AA /* FormLibrary.app */,
			);
			name = Products;
			sourceTree = "<group>";
		};
		94204BA522896C600057D3AA /* FormLibrary */ = {
			isa = PBXGroup;
			children = (
				94137C5D228B7D4600113E5A /* ViewControllers */,
				94137C4C228A32A900113E5A /* MockData */,
				94137C3D228A18CE00113E5A /* Model */,
				94204BB822896C750057D3AA /* FormEngine */,
				94137BD72289714E00113E5A /* Extensions */,
				94137C5C228B7BC900113E5A /* Resources */,
				94204BB222896C610057D3AA /* Info.plist */,
			);
			path = FormLibrary;
			sourceTree = "<group>";
		};
		94204BB822896C750057D3AA /* FormEngine */ = {
			isa = PBXGroup;
			children = (
				94137BDA228971C000113E5A /* Style */,
				94137BD4228970FB00113E5A /* Form */,
			);
			path = FormEngine;
			sourceTree = "<group>";
		};
/* End PBXGroup section */

/* Begin PBXNativeTarget section */
		94204BA222896C600057D3AA /* FormLibrary */ = {
			isa = PBXNativeTarget;
			buildConfigurationList = 94204BB522896C610057D3AA /* Build configuration list for PBXNativeTarget "FormLibrary" */;
			buildPhases = (
				AECC1DC1C4DA51046F041C78 /* [CP] Check Pods Manifest.lock */,
				94204B9F22896C600057D3AA /* Sources */,
				94204BA022896C600057D3AA /* Frameworks */,
				94204BA122896C600057D3AA /* Resources */,
				8DDE16CCB64D90EA74312FEB /* [CP] Embed Pods Frameworks */,
			);
			buildRules = (
			);
			dependencies = (
			);
			name = FormLibrary;
			productName = FormLibrary;
			productReference = 94204BA322896C600057D3AA /* FormLibrary.app */;
			productType = "com.apple.product-type.application";
		};
/* End PBXNativeTarget section */

/* Begin PBXProject section */
		94204B9B22896C600057D3AA /* Project object */ = {
			isa = PBXProject;
			attributes = {
				LastSwiftUpdateCheck = 1020;
				LastUpgradeCheck = 1020;
				ORGANIZATIONNAME = "Afees Lawal";
				TargetAttributes = {
					94204BA222896C600057D3AA = {
						CreatedOnToolsVersion = 10.2.1;
					};
				};
			};
			buildConfigurationList = 94204B9E22896C600057D3AA /* Build configuration list for PBXProject "FormLibrary" */;
			compatibilityVersion = "Xcode 9.3";
			developmentRegion = en;
			hasScannedForEncodings = 0;
			knownRegions = (
				en,
				Base,
			);
			mainGroup = 94204B9A22896C600057D3AA;
			productRefGroup = 94204BA422896C600057D3AA /* Products */;
			projectDirPath = "";
			projectRoot = "";
			targets = (
				94204BA222896C600057D3AA /* FormLibrary */,
			);
		};
/* End PBXProject section */

/* Begin PBXResourcesBuildPhase section */
		94204BA122896C600057D3AA /* Resources */ = {
			isa = PBXResourcesBuildPhase;
			buildActionMask = 2147483647;
			files = (
				94204BB122896C610057D3AA /* LaunchScreen.storyboard in Resources */,
				94137C2D2289BA3800113E5A /* FormButtonOptionsCell.xib in Resources */,
				94204BAE22896C610057D3AA /* Assets.xcassets in Resources */,
				94137C1C2289BA3800113E5A /* FormTextFieldCell.xib in Resources */,
				94137C202289BA3800113E5A /* FormCheckboxOptionsCell.xib in Resources */,
				94137C2C2289BA3800113E5A /* FormButtonCell.xib in Resources */,
				94137C232289BA3800113E5A /* FormSectionTitleCell.xib in Resources */,
				94137C272289BA3800113E5A /* FormDropdownCell.xib in Resources */,
				94137C292289BA3800113E5A /* CheckboxView.xib in Resources */,
				94137C1D2289BA3800113E5A /* FormTitleSubtitleCell.xib in Resources */,
				94137C56228AC34400113E5A /* FormDatePickerCell.xib in Resources */,
				94137C1B2289BA3800113E5A /* FormLabelCell.xib in Resources */,
				94137C222289BA3800113E5A /* FormPasswordCell.xib in Resources */,
				94137C4B228A214C00113E5A /* FormPhotoCell.xib in Resources */,
				94137C4E228A32D600113E5A /* pet_adoption.json in Resources */,
			);
			runOnlyForDeploymentPostprocessing = 0;
		};
/* End PBXResourcesBuildPhase section */

/* Begin PBXShellScriptBuildPhase section */
		8DDE16CCB64D90EA74312FEB /* [CP] Embed Pods Frameworks */ = {
			isa = PBXShellScriptBuildPhase;
			buildActionMask = 2147483647;
			files = (
			);
			inputFileListPaths = (
			);
			inputPaths = (
				"${PODS_ROOT}/Target Support Files/Pods-FormLibrary/Pods-FormLibrary-frameworks.sh",
				"${BUILT_PRODUCTS_DIR}/DropDown/DropDown.framework",
				"${BUILT_PRODUCTS_DIR}/IQKeyboardManager/IQKeyboardManager.framework",
				"${BUILT_PRODUCTS_DIR}/Kingfisher/Kingfisher.framework",
			);
			name = "[CP] Embed Pods Frameworks";
			outputFileListPaths = (
			);
			outputPaths = (
				"${TARGET_BUILD_DIR}/${FRAMEWORKS_FOLDER_PATH}/DropDown.framework",
				"${TARGET_BUILD_DIR}/${FRAMEWORKS_FOLDER_PATH}/IQKeyboardManager.framework",
				"${TARGET_BUILD_DIR}/${FRAMEWORKS_FOLDER_PATH}/Kingfisher.framework",
			);
			runOnlyForDeploymentPostprocessing = 0;
			shellPath = /bin/sh;
			shellScript = "\"${PODS_ROOT}/Target Support Files/Pods-FormLibrary/Pods-FormLibrary-frameworks.sh\"\n";
			showEnvVarsInLog = 0;
		};
		AECC1DC1C4DA51046F041C78 /* [CP] Check Pods Manifest.lock */ = {
			isa = PBXShellScriptBuildPhase;
			buildActionMask = 2147483647;
			files = (
			);
			inputFileListPaths = (
			);
			inputPaths = (
				"${PODS_PODFILE_DIR_PATH}/Podfile.lock",
				"${PODS_ROOT}/Manifest.lock",
			);
			name = "[CP] Check Pods Manifest.lock";
			outputFileListPaths = (
			);
			outputPaths = (
				"$(DERIVED_FILE_DIR)/Pods-FormLibrary-checkManifestLockResult.txt",
			);
			runOnlyForDeploymentPostprocessing = 0;
			shellPath = /bin/sh;
			shellScript = "diff \"${PODS_PODFILE_DIR_PATH}/Podfile.lock\" \"${PODS_ROOT}/Manifest.lock\" > /dev/null\nif [ $? != 0 ] ; then\n    # print error to STDERR\n    echo \"error: The sandbox is not in sync with the Podfile.lock. Run 'pod install' or update your CocoaPods installation.\" >&2\n    exit 1\nfi\n# This output is used by Xcode 'outputs' to avoid re-running this script phase.\necho \"SUCCESS\" > \"${SCRIPT_OUTPUT_FILE_0}\"\n";
			showEnvVarsInLog = 0;
		};
/* End PBXShellScriptBuildPhase section */

/* Begin PBXSourcesBuildPhase section */
		94204B9F22896C600057D3AA /* Sources */ = {
			isa = PBXSourcesBuildPhase;
			buildActionMask = 2147483647;
			files = (
				94137C282289BA3800113E5A /* CheckboxView.swift in Sources */,
				94137C012289BA1800113E5A /* FormViewController.swift in Sources */,
				94137C45228A192600113E5A /* FormElement.swift in Sources */,
				94137C58228AE35F00113E5A /* FormCollectionView.swift in Sources */,
				94137BD92289718000113E5A /* String+Extension.swift in Sources */,
				94137C61228B9A9B00113E5A /* FormContainer.swift in Sources */,
				94137C5B228B7B8F00113E5A /* HomeViewController.swift in Sources */,
				94204BA922896C600057D3AA /* ViewController.swift in Sources */,
				94137C5F228B8A8300113E5A /* FormPageController.swift in Sources */,
				94137C1E2289BA3800113E5A /* FormPasswordCell.swift in Sources */,
				94137C43228A190D00113E5A /* FormSection.swift in Sources */,
				94137C3F228A18DB00113E5A /* Form.swift in Sources */,
				94137C41228A18F800113E5A /* Page.swift in Sources */,
				94137C1F2289BA3800113E5A /* FormButton.swift in Sources */,
				94137BDC228971D200113E5A /* CellStyle.swift in Sources */,
				94137BE422897CF700113E5A /* UIView+Constraints.swift in Sources */,
				94137C47228A194200113E5A /* FormRule.swift in Sources */,
				94137C2B2289BA3800113E5A /* FormCheckboxOptionsCell.swift in Sources */,
				94137BDE2289728900113E5A /* CellData.swift in Sources */,
				94137C192289BA3800113E5A /* FormButtonOptionsCell.swift in Sources */,
				94137BE02289793700113E5A /* CustomCollectionViewFlowLayouts.swift in Sources */,
				94137C262289BA3800113E5A /* FormDropdownCell.swift in Sources */,
				94137C242289BA3800113E5A /* FormSectionTitleCell.swift in Sources */,
				94204BA722896C600057D3AA /* AppDelegate.swift in Sources */,
				94137C3C2289C2B100113E5A /* FormCell.swift in Sources */,
				94137C1A2289BA3800113E5A /* FormLabelCell.swift in Sources */,
				94137C50228A32ED00113E5A /* MockData.swift in Sources */,
				94137C2A2289BA3800113E5A /* FormTitleSubtitleCell.swift in Sources */,
				94137C212289BA3800113E5A /* FormTextFieldCell.swift in Sources */,
				94137C4A228A214C00113E5A /* FormPhotoCell.swift in Sources */,
				94137C252289BA3800113E5A /* FormButtonCell.swift in Sources */,
				94137C55228AC34400113E5A /* FormDatePickerCell.swift in Sources */,
			);
			runOnlyForDeploymentPostprocessing = 0;
		};
/* End PBXSourcesBuildPhase section */

/* Begin PBXVariantGroup section */
		94204BAF22896C610057D3AA /* LaunchScreen.storyboard */ = {
			isa = PBXVariantGroup;
			children = (
				94204BB022896C610057D3AA /* Base */,
			);
			name = LaunchScreen.storyboard;
			sourceTree = "<group>";
		};
/* End PBXVariantGroup section */

/* Begin XCBuildConfiguration section */
		94204BB322896C610057D3AA /* Debug */ = {
			isa = XCBuildConfiguration;
			buildSettings = {
				ALWAYS_SEARCH_USER_PATHS = NO;
				CLANG_ANALYZER_NONNULL = YES;
				CLANG_ANALYZER_NUMBER_OBJECT_CONVERSION = YES_AGGRESSIVE;
				CLANG_CXX_LANGUAGE_STANDARD = "gnu++14";
				CLANG_CXX_LIBRARY = "libc++";
				CLANG_ENABLE_MODULES = YES;
				CLANG_ENABLE_OBJC_ARC = YES;
				CLANG_ENABLE_OBJC_WEAK = YES;
				CLANG_WARN_BLOCK_CAPTURE_AUTORELEASING = YES;
				CLANG_WARN_BOOL_CONVERSION = YES;
				CLANG_WARN_COMMA = YES;
				CLANG_WARN_CONSTANT_CONVERSION = YES;
				CLANG_WARN_DEPRECATED_OBJC_IMPLEMENTATIONS = YES;
				CLANG_WARN_DIRECT_OBJC_ISA_USAGE = YES_ERROR;
				CLANG_WARN_DOCUMENTATION_COMMENTS = YES;
				CLANG_WARN_EMPTY_BODY = YES;
				CLANG_WARN_ENUM_CONVERSION = YES;
				CLANG_WARN_INFINITE_RECURSION = YES;
				CLANG_WARN_INT_CONVERSION = YES;
				CLANG_WARN_NON_LITERAL_NULL_CONVERSION = YES;
				CLANG_WARN_OBJC_IMPLICIT_RETAIN_SELF = YES;
				CLANG_WARN_OBJC_LITERAL_CONVERSION = YES;
				CLANG_WARN_OBJC_ROOT_CLASS = YES_ERROR;
				CLANG_WARN_RANGE_LOOP_ANALYSIS = YES;
				CLANG_WARN_STRICT_PROTOTYPES = YES;
				CLANG_WARN_SUSPICIOUS_MOVE = YES;
				CLANG_WARN_UNGUARDED_AVAILABILITY = YES_AGGRESSIVE;
				CLANG_WARN_UNREACHABLE_CODE = YES;
				CLANG_WARN__DUPLICATE_METHOD_MATCH = YES;
				CODE_SIGN_IDENTITY = "iPhone Developer";
				COPY_PHASE_STRIP = NO;
				DEBUG_INFORMATION_FORMAT = dwarf;
				ENABLE_STRICT_OBJC_MSGSEND = YES;
				ENABLE_TESTABILITY = YES;
				GCC_C_LANGUAGE_STANDARD = gnu11;
				GCC_DYNAMIC_NO_PIC = NO;
				GCC_NO_COMMON_BLOCKS = YES;
				GCC_OPTIMIZATION_LEVEL = 0;
				GCC_PREPROCESSOR_DEFINITIONS = (
					"DEBUG=1",
					"$(inherited)",
				);
				GCC_WARN_64_TO_32_BIT_CONVERSION = YES;
				GCC_WARN_ABOUT_RETURN_TYPE = YES_ERROR;
				GCC_WARN_UNDECLARED_SELECTOR = YES;
				GCC_WARN_UNINITIALIZED_AUTOS = YES_AGGRESSIVE;
				GCC_WARN_UNUSED_FUNCTION = YES;
				GCC_WARN_UNUSED_VARIABLE = YES;
				IPHONEOS_DEPLOYMENT_TARGET = 12.2;
				MTL_ENABLE_DEBUG_INFO = INCLUDE_SOURCE;
				MTL_FAST_MATH = YES;
				ONLY_ACTIVE_ARCH = YES;
				SDKROOT = iphoneos;
				SWIFT_ACTIVE_COMPILATION_CONDITIONS = DEBUG;
				SWIFT_OPTIMIZATION_LEVEL = "-Onone";
			};
			name = Debug;
		};
		94204BB422896C610057D3AA /* Release */ = {
			isa = XCBuildConfiguration;
			buildSettings = {
				ALWAYS_SEARCH_USER_PATHS = NO;
				CLANG_ANALYZER_NONNULL = YES;
				CLANG_ANALYZER_NUMBER_OBJECT_CONVERSION = YES_AGGRESSIVE;
				CLANG_CXX_LANGUAGE_STANDARD = "gnu++14";
				CLANG_CXX_LIBRARY = "libc++";
				CLANG_ENABLE_MODULES = YES;
				CLANG_ENABLE_OBJC_ARC = YES;
				CLANG_ENABLE_OBJC_WEAK = YES;
				CLANG_WARN_BLOCK_CAPTURE_AUTORELEASING = YES;
				CLANG_WARN_BOOL_CONVERSION = YES;
				CLANG_WARN_COMMA = YES;
				CLANG_WARN_CONSTANT_CONVERSION = YES;
				CLANG_WARN_DEPRECATED_OBJC_IMPLEMENTATIONS = YES;
				CLANG_WARN_DIRECT_OBJC_ISA_USAGE = YES_ERROR;
				CLANG_WARN_DOCUMENTATION_COMMENTS = YES;
				CLANG_WARN_EMPTY_BODY = YES;
				CLANG_WARN_ENUM_CONVERSION = YES;
				CLANG_WARN_INFINITE_RECURSION = YES;
				CLANG_WARN_INT_CONVERSION = YES;
				CLANG_WARN_NON_LITERAL_NULL_CONVERSION = YES;
				CLANG_WARN_OBJC_IMPLICIT_RETAIN_SELF = YES;
				CLANG_WARN_OBJC_LITERAL_CONVERSION = YES;
				CLANG_WARN_OBJC_ROOT_CLASS = YES_ERROR;
				CLANG_WARN_RANGE_LOOP_ANALYSIS = YES;
				CLANG_WARN_STRICT_PROTOTYPES = YES;
				CLANG_WARN_SUSPICIOUS_MOVE = YES;
				CLANG_WARN_UNGUARDED_AVAILABILITY = YES_AGGRESSIVE;
				CLANG_WARN_UNREACHABLE_CODE = YES;
				CLANG_WARN__DUPLICATE_METHOD_MATCH = YES;
				CODE_SIGN_IDENTITY = "iPhone Developer";
				COPY_PHASE_STRIP = NO;
				DEBUG_INFORMATION_FORMAT = "dwarf-with-dsym";
				ENABLE_NS_ASSERTIONS = NO;
				ENABLE_STRICT_OBJC_MSGSEND = YES;
				GCC_C_LANGUAGE_STANDARD = gnu11;
				GCC_NO_COMMON_BLOCKS = YES;
				GCC_WARN_64_TO_32_BIT_CONVERSION = YES;
				GCC_WARN_ABOUT_RETURN_TYPE = YES_ERROR;
				GCC_WARN_UNDECLARED_SELECTOR = YES;
				GCC_WARN_UNINITIALIZED_AUTOS = YES_AGGRESSIVE;
				GCC_WARN_UNUSED_FUNCTION = YES;
				GCC_WARN_UNUSED_VARIABLE = YES;
				IPHONEOS_DEPLOYMENT_TARGET = 12.2;
				MTL_ENABLE_DEBUG_INFO = NO;
				MTL_FAST_MATH = YES;
				SDKROOT = iphoneos;
				SWIFT_COMPILATION_MODE = wholemodule;
				SWIFT_OPTIMIZATION_LEVEL = "-O";
				VALIDATE_PRODUCT = YES;
			};
			name = Release;
		};
		94204BB622896C610057D3AA /* Debug */ = {
			isa = XCBuildConfiguration;
			baseConfigurationReference = 20690DDD1FC5BA3CEBD964B6 /* Pods-FormLibrary.debug.xcconfig */;
			buildSettings = {
				ASSETCATALOG_COMPILER_APPICON_NAME = AppIcon;
				CODE_SIGN_STYLE = Automatic;
				DEVELOPMENT_TEAM = U39GR4X8C4;
				INFOPLIST_FILE = FormLibrary/Info.plist;
				IPHONEOS_DEPLOYMENT_TARGET = 11.0;
				LD_RUNPATH_SEARCH_PATHS = (
					"$(inherited)",
					"@executable_path/Frameworks",
				);
				PRODUCT_BUNDLE_IDENTIFIER = com.simpumind.FormLibrary;
				PRODUCT_NAME = "$(TARGET_NAME)";
				SWIFT_VERSION = 5.0;
				TARGETED_DEVICE_FAMILY = 1;
			};
			name = Debug;
		};
		94204BB722896C610057D3AA /* Release */ = {
			isa = XCBuildConfiguration;
			baseConfigurationReference = 1C594925C1D5DD2C89AB06E2 /* Pods-FormLibrary.release.xcconfig */;
			buildSettings = {
				ASSETCATALOG_COMPILER_APPICON_NAME = AppIcon;
				CODE_SIGN_STYLE = Automatic;
				DEVELOPMENT_TEAM = U39GR4X8C4;
				INFOPLIST_FILE = FormLibrary/Info.plist;
				IPHONEOS_DEPLOYMENT_TARGET = 11.0;
				LD_RUNPATH_SEARCH_PATHS = (
					"$(inherited)",
					"@executable_path/Frameworks",
				);
				PRODUCT_BUNDLE_IDENTIFIER = com.simpumind.FormLibrary;
				PRODUCT_NAME = "$(TARGET_NAME)";
				SWIFT_VERSION = 5.0;
				TARGETED_DEVICE_FAMILY = 1;
			};
			name = Release;
		};
/* End XCBuildConfiguration section */

/* Begin XCConfigurationList section */
		94204B9E22896C600057D3AA /* Build configuration list for PBXProject "FormLibrary" */ = {
			isa = XCConfigurationList;
			buildConfigurations = (
				94204BB322896C610057D3AA /* Debug */,
				94204BB422896C610057D3AA /* Release */,
			);
			defaultConfigurationIsVisible = 0;
			defaultConfigurationName = Release;
		};
		94204BB522896C610057D3AA /* Build configuration list for PBXNativeTarget "FormLibrary" */ = {
			isa = XCConfigurationList;
			buildConfigurations = (
				94204BB622896C610057D3AA /* Debug */,
				94204BB722896C610057D3AA /* Release */,
			);
			defaultConfigurationIsVisible = 0;
			defaultConfigurationName = Release;
		};
/* End XCConfigurationList section */
	};
	rootObject = 94204B9B22896C600057D3AA /* Project object */;
}
